# THIS IS AN AUTOGENERATED FILE. DO NOT EDIT THIS FILE DIRECTLY.
# yarn lockfile v1


"@jigglyjams/juice-sdk-v3@^3.2.2-alpha":
  version "3.2.2-alpha"
  resolved "https://registry.yarnpkg.com/@jigglyjams/juice-sdk-v3/-/juice-sdk-v3-3.2.2-alpha.tgz#3a898c1eb4332382e8e7804a9922bd40f44792b3"
  integrity sha512-vpfpra365VO7HvCdUP99jR5ly2ird4SQ5fE2YJdf/W+wBUYops0Elp7fCCUvICuwfRTxL6XaHiGU4+PZRS1gRw==
